
Microsoft Visual Studio Solution File, Format Version 12.00
# Visual Studio Version 16
VisualStudioVersion = 16.0.30128.74
MinimumVisualStudioVersion = 10.0.40219.1
Project("{FAE04EC0-301F-11D3-BF4B-00C04F79EFBC}") = "ConsoleApp8", "ConsoleApp8\ConsoleApp8.csproj", "{D6FFF72F-A73B-4A6E-9AA2-AF79E6D2D278}"
EndProject
Global
	GlobalSection(SolutionConfigurationPlatforms) = preSolution
		Debug|Any CPU = Debug|Any CPU
		Release|Any CPU = Release|Any CPU
	EndGlobalSection
	GlobalSection(ProjectConfigurationPlatforms) = postSolution
		{D6FFF72F-A73B-4A6E-9AA2-AF79E6D2D278}.Debug|Any CPU.ActiveCfg = Debug|Any CPU
		{D6FFF72F-A73B-4A6E-9AA2-AF79E6D2D278}.Debug|Any CPU.Build.0 = Debug|Any CPU
		{D6FFF72F-A73B-4A6E-9AA2-AF79E6D2D278}.Release|Any CPU.ActiveCfg = Release|Any CPU
		{D6FFF72F-A73B-4A6E-9AA2-AF79E6D2D278}.Release|Any CPU.Build.0 = Release|Any CPU
	EndGlobalSection
	GlobalSection(SolutionProperties) = preSolution
		HideSolutionNode = FALSE
	EndGlobalSection
	GlobalSection(ExtensibilityGlobals) = postSolution
		SolutionGuid = {E24D0648-B1B1-4DD4-B6E5-8344514E1D2E}
	EndGlobalSection
EndGlobal
